
Microsoft Visual Studio Solution File, Format Version 12.00
# Visual Studio 15
VisualStudioVersion = 15.0.27130.2024
MinimumVisualStudioVersion = 10.0.40219.1
Project("{FAE04EC0-301F-11D3-BF4B-00C04F79EFBC}") = "HelloWorldOpg2", "HelloWorldOpg2\HelloWorldOpg2.csproj", "{69337DFE-1291-439B-B5BE-2769196BD854}"
EndProject
Global
	GlobalSection(SolutionConfigurationPlatforms) = preSolution
		Debug|ARM = Debug|ARM
		Debug|x64 = Debug|x64
		Debug|x86 = Debug|x86
		Release|ARM = Release|ARM
		Release|x64 = Release|x64
		Release|x86 = Release|x86
	EndGlobalSection
	GlobalSection(ProjectConfigurationPlatforms) = postSolution
		{69337DFE-1291-439B-B5BE-2769196BD854}.Debug|ARM.ActiveCfg = Debug|ARM
		{69337DFE-1291-439B-B5BE-2769196BD854}.Debug|ARM.Build.0 = Debug|ARM
		{69337DFE-1291-439B-B5BE-2769196BD854}.Debug|ARM.Deploy.0 = Debug|ARM
		{69337DFE-1291-439B-B5BE-2769196BD854}.Debug|x64.ActiveCfg = Debug|x64
		{69337DFE-1291-439B-B5BE-2769196BD854}.Debug|x64.Build.0 = Debug|x64
		{69337DFE-1291-439B-B5BE-2769196BD854}.Debug|x64.Deploy.0 = Debug|x64
		{69337DFE-1291-439B-B5BE-2769196BD854}.Debug|x86.ActiveCfg = Debug|x86
		{69337DFE-1291-439B-B5BE-2769196BD854}.Debug|x86.Build.0 = Debug|x86
		{69337DFE-1291-439B-B5BE-2769196BD854}.Debug|x86.Deploy.0 = Debug|x86
		{69337DFE-1291-439B-B5BE-2769196BD854}.Release|ARM.ActiveCfg = Release|ARM
		{69337DFE-1291-439B-B5BE-2769196BD854}.Release|ARM.Build.0 = Release|ARM
		{69337DFE-1291-439B-B5BE-2769196BD854}.Release|ARM.Deploy.0 = Release|ARM
		{69337DFE-1291-439B-B5BE-2769196BD854}.Release|x64.ActiveCfg = Release|x64
		{69337DFE-1291-439B-B5BE-2769196BD854}.Release|x64.Build.0 = Release|x64
		{69337DFE-1291-439B-B5BE-2769196BD854}.Release|x64.Deploy.0 = Release|x64
		{69337DFE-1291-439B-B5BE-2769196BD854}.Release|x86.ActiveCfg = Release|x86
		{69337DFE-1291-439B-B5BE-2769196BD854}.Release|x86.Build.0 = Release|x86
		{69337DFE-1291-439B-B5BE-2769196BD854}.Release|x86.Deploy.0 = Release|x86
	EndGlobalSection
	GlobalSection(SolutionProperties) = preSolution
		HideSolutionNode = FALSE
	EndGlobalSection
	GlobalSection(ExtensibilityGlobals) = postSolution
		SolutionGuid = {902AF1D4-F98B-4342-8960-213740BE987E}
	EndGlobalSection
EndGlobal
